
Microsoft Visual Studio Solution File, Format Version 12.00
# Visual Studio Version 17
VisualStudioVersion = 17.7.34024.191
MinimumVisualStudioVersion = 10.0.40219.1
Project("{FAE04EC0-301F-11D3-BF4B-00C04F79EFBC}") = "provodnik4", "provodnik4\provodnik4.csproj", "{F798D665-E9E8-4F0E-9860-9C3BD7D9491F}"
EndProject
Global
	GlobalSection(SolutionConfigurationPlatforms) = preSolution
		Debug|Any CPU = Debug|Any CPU
		Release|Any CPU = Release|Any CPU
	EndGlobalSection
	GlobalSection(ProjectConfigurationPlatforms) = postSolution
		{F798D665-E9E8-4F0E-9860-9C3BD7D9491F}.Debug|Any CPU.ActiveCfg = Debug|Any CPU
		{F798D665-E9E8-4F0E-9860-9C3BD7D9491F}.Debug|Any CPU.Build.0 = Debug|Any CPU
		{F798D665-E9E8-4F0E-9860-9C3BD7D9491F}.Release|Any CPU.ActiveCfg = Release|Any CPU
		{F798D665-E9E8-4F0E-9860-9C3BD7D9491F}.Release|Any CPU.Build.0 = Release|Any CPU
	EndGlobalSection
	GlobalSection(SolutionProperties) = preSolution
		HideSolutionNode = FALSE
	EndGlobalSection
	GlobalSection(ExtensibilityGlobals) = postSolution
		SolutionGuid = {13EBC406-C6E4-4D7F-91E2-8E9F25C56169}
	EndGlobalSection
EndGlobal
